
Microsoft Visual Studio Solution File, Format Version 12.00
# Visual Studio Version 17
VisualStudioVersion = 17.0.31903.59
MinimumVisualStudioVersion = 10.0.40219.1
Project("{FAE04EC0-301F-11D3-BF4B-00C04F79EFBC}") = "squad-dma", "squad-dma.csproj", "{14BE0D35-DB08-4379-BC37-CD2EB1A6515B}"
EndProject
Global
	GlobalSection(SolutionConfigurationPlatforms) = preSolution
		Debug|x64 = Debug|x64
		Release|x64 = Release|x64
	EndGlobalSection
	GlobalSection(SolutionProperties) = preSolution
		HideSolutionNode = FALSE
	EndGlobalSection
	GlobalSection(ProjectConfigurationPlatforms) = postSolution
		{14BE0D35-DB08-4379-BC37-CD2EB1A6515B}.Debug|x64.ActiveCfg = Debug|x64
		{14BE0D35-DB08-4379-BC37-CD2EB1A6515B}.Debug|x64.Build.0 = Debug|x64
		{14BE0D35-DB08-4379-BC37-CD2EB1A6515B}.Release|x64.ActiveCfg = Release|x64
		{14BE0D35-DB08-4379-BC37-CD2EB1A6515B}.Release|x64.Build.0 = Release|x64
	EndGlobalSection
EndGlobal
